
Microsoft Visual Studio Solution File, Format Version 12.00
# Visual Studio Version 17
VisualStudioVersion = 17.5.002.0
MinimumVisualStudioVersion = 10.0.40219.1
Project("{9A19103F-16F7-4668-BE54-9A1E7A4F7556}") = "Device", "Device.csproj", "{4BB217FF-4C81-4E0B-9C1C-EB4C199D869C}"
EndProject
Global
	GlobalSection(SolutionConfigurationPlatforms) = preSolution
		Debug|Any CPU = Debug|Any CPU
		Release|Any CPU = Release|Any CPU
	EndGlobalSection
	GlobalSection(ProjectConfigurationPlatforms) = postSolution
		{4BB217FF-4C81-4E0B-9C1C-EB4C199D869C}.Debug|Any CPU.ActiveCfg = Debug|Any CPU
		{4BB217FF-4C81-4E0B-9C1C-EB4C199D869C}.Debug|Any CPU.Build.0 = Debug|Any CPU
		{4BB217FF-4C81-4E0B-9C1C-EB4C199D869C}.Release|Any CPU.ActiveCfg = Release|Any CPU
		{4BB217FF-4C81-4E0B-9C1C-EB4C199D869C}.Release|Any CPU.Build.0 = Release|Any CPU
	EndGlobalSection
	GlobalSection(SolutionProperties) = preSolution
		HideSolutionNode = FALSE
	EndGlobalSection
	GlobalSection(ExtensibilityGlobals) = postSolution
		SolutionGuid = {9EDE5DD2-8A63-4031-919D-9BD87C5F92B7}
	EndGlobalSection
EndGlobal
